
Microsoft Visual Studio Solution File, Format Version 12.00
# Visual Studio Version 17
VisualStudioVersion = 17.2.32516.85
MinimumVisualStudioVersion = 10.0.40219.1
Project("{FAE04EC0-301F-11D3-BF4B-00C04F79EFBC}") = "AnalysisData", "AnalysisData\AnalysisData.csproj", "{C10A66F2-E5E9-41B2-8DC4-E70C85D59A0E}"
EndProject
Global
	GlobalSection(SolutionConfigurationPlatforms) = preSolution
		Debug|Any CPU = Debug|Any CPU
		Release|Any CPU = Release|Any CPU
	EndGlobalSection
	GlobalSection(ProjectConfigurationPlatforms) = postSolution
		{C10A66F2-E5E9-41B2-8DC4-E70C85D59A0E}.Debug|Any CPU.ActiveCfg = Debug|Any CPU
		{C10A66F2-E5E9-41B2-8DC4-E70C85D59A0E}.Debug|Any CPU.Build.0 = Debug|Any CPU
		{C10A66F2-E5E9-41B2-8DC4-E70C85D59A0E}.Release|Any CPU.ActiveCfg = Release|Any CPU
		{C10A66F2-E5E9-41B2-8DC4-E70C85D59A0E}.Release|Any CPU.Build.0 = Release|Any CPU
	EndGlobalSection
	GlobalSection(SolutionProperties) = preSolution
		HideSolutionNode = FALSE
	EndGlobalSection
	GlobalSection(ExtensibilityGlobals) = postSolution
		SolutionGuid = {4197C1A0-D671-4CBD-A912-C7D6123774FA}
	EndGlobalSection
EndGlobal
